
Microsoft Visual Studio Solution File, Format Version 12.00
# Visual Studio Version 17
VisualStudioVersion = 17.2.32616.157
MinimumVisualStudioVersion = 10.0.40219.1
Project("{9A19103F-16F7-4668-BE54-9A1E7A4F7556}") = "RemoteTest", "RemoteTest\RemoteTest.csproj", "{8D6F64D8-B124-4EFA-BB80-47344E1B46D8}"
EndProject
Project("{9A19103F-16F7-4668-BE54-9A1E7A4F7556}") = "EventLatencyTest", "EventLatencyTest\EventLatencyTest.csproj", "{E827F4EB-3E1B-49E9-96C1-9AA365FC0711}"
EndProject
Project("{FAE04EC0-301F-11D3-BF4B-00C04F79EFBC}") = "BasicSignalTest", "BasicSignalTest\BasicSignalTest.csproj", "{3FB13BD0-43ED-43C5-839F-573724534932}"
EndProject
Project("{FAE04EC0-301F-11D3-BF4B-00C04F79EFBC}") = "NetworkTest", "NetworkTest\NetworkTest.csproj", "{45564B9C-83EA-4AC1-A979-D93456CE6CDE}"
EndProject
Global
	GlobalSection(SolutionConfigurationPlatforms) = preSolution
		Debug|Any CPU = Debug|Any CPU
		Release|Any CPU = Release|Any CPU
	EndGlobalSection
	GlobalSection(ProjectConfigurationPlatforms) = postSolution
		{8D6F64D8-B124-4EFA-BB80-47344E1B46D8}.Debug|Any CPU.ActiveCfg = Debug|Any CPU
		{8D6F64D8-B124-4EFA-BB80-47344E1B46D8}.Debug|Any CPU.Build.0 = Debug|Any CPU
		{8D6F64D8-B124-4EFA-BB80-47344E1B46D8}.Release|Any CPU.ActiveCfg = Release|Any CPU
		{8D6F64D8-B124-4EFA-BB80-47344E1B46D8}.Release|Any CPU.Build.0 = Release|Any CPU
		{E827F4EB-3E1B-49E9-96C1-9AA365FC0711}.Debug|Any CPU.ActiveCfg = Debug|Any CPU
		{E827F4EB-3E1B-49E9-96C1-9AA365FC0711}.Debug|Any CPU.Build.0 = Debug|Any CPU
		{E827F4EB-3E1B-49E9-96C1-9AA365FC0711}.Release|Any CPU.ActiveCfg = Release|Any CPU
		{E827F4EB-3E1B-49E9-96C1-9AA365FC0711}.Release|Any CPU.Build.0 = Release|Any CPU
		{3FB13BD0-43ED-43C5-839F-573724534932}.Debug|Any CPU.ActiveCfg = Debug|Any CPU
		{3FB13BD0-43ED-43C5-839F-573724534932}.Debug|Any CPU.Build.0 = Debug|Any CPU
		{3FB13BD0-43ED-43C5-839F-573724534932}.Release|Any CPU.ActiveCfg = Release|Any CPU
		{3FB13BD0-43ED-43C5-839F-573724534932}.Release|Any CPU.Build.0 = Release|Any CPU
		{45564B9C-83EA-4AC1-A979-D93456CE6CDE}.Debug|Any CPU.ActiveCfg = Debug|Any CPU
		{45564B9C-83EA-4AC1-A979-D93456CE6CDE}.Debug|Any CPU.Build.0 = Debug|Any CPU
		{45564B9C-83EA-4AC1-A979-D93456CE6CDE}.Release|Any CPU.ActiveCfg = Release|Any CPU
		{45564B9C-83EA-4AC1-A979-D93456CE6CDE}.Release|Any CPU.Build.0 = Release|Any CPU
	EndGlobalSection
	GlobalSection(SolutionProperties) = preSolution
		HideSolutionNode = FALSE
	EndGlobalSection
	GlobalSection(ExtensibilityGlobals) = postSolution
		SolutionGuid = {0AE86D53-2B04-407E-A3E0-BD0C2802022F}
	EndGlobalSection
EndGlobal
